<Solution>
  <Project Path="AgoraRtcSDK.csproj" />
  <Project Path="Assembly-CSharp.csproj" />
  <Project Path="Assembly-CSharp-Editor.csproj" />
  <Project Path="StompyRobot.SRF.csproj" />
  <Project Path="StompyRobot.SRDebugger.Editor.csproj" />
  <Project Path="StompyRobot.SRDebugger.csproj" />
  <Project Path="StompyRobot.SRF.Editor.csproj" />
</Solution>
